
Microsoft Visual Studio Solution File, Format Version 12.00
# Visual Studio Version 17
VisualStudioVersion = 17.1.32407.343
MinimumVisualStudioVersion = 10.0.40219.1
Project("{9A19103F-16F7-4668-BE54-9A1E7A4F7556}") = "Entities", "Entities\Entities.csproj", "{42B60562-E503-4B2C-9DAD-5FA5C845840A}"
EndProject
Project("{9A19103F-16F7-4668-BE54-9A1E7A4F7556}") = "DataAccess", "DataAccess\DataAccess.csproj", "{E58C7ACE-FEE5-4415-9575-6A3704A33993}"
EndProject
Project("{9A19103F-16F7-4668-BE54-9A1E7A4F7556}") = "Core", "Core\Core.csproj", "{B0295BF1-A843-4B06-B4EC-71D75FAC2AF3}"
EndProject
Project("{9A19103F-16F7-4668-BE54-9A1E7A4F7556}") = "Business", "Business\Business.csproj", "{AD1B85BB-705F-401C-B285-B8126E2D53E0}"
EndProject
Project("{9A19103F-16F7-4668-BE54-9A1E7A4F7556}") = "UI_Console", "Console\UI_Console.csproj", "{45E057E0-7527-41BC-A03D-0D8EF9060697}"
EndProject
Project("{9A19103F-16F7-4668-BE54-9A1E7A4F7556}") = "WebApp_Store", "WebApp_Store\WebApp_Store.csproj", "{1CB04E29-9670-4527-A8C0-B1F2BF72A36A}"
EndProject
Project("{9A19103F-16F7-4668-BE54-9A1E7A4F7556}") = "UI_Api", "UI_Api\UI_Api.csproj", "{74EFC4C5-E781-42C0-970B-60EF5AA27E43}"
EndProject
Global
	GlobalSection(SolutionConfigurationPlatforms) = preSolution
		Debug|Any CPU = Debug|Any CPU
		Release|Any CPU = Release|Any CPU
	EndGlobalSection
	GlobalSection(ProjectConfigurationPlatforms) = postSolution
		{42B60562-E503-4B2C-9DAD-5FA5C845840A}.Debug|Any CPU.ActiveCfg = Debug|Any CPU
		{42B60562-E503-4B2C-9DAD-5FA5C845840A}.Debug|Any CPU.Build.0 = Debug|Any CPU
		{42B60562-E503-4B2C-9DAD-5FA5C845840A}.Release|Any CPU.ActiveCfg = Release|Any CPU
		{42B60562-E503-4B2C-9DAD-5FA5C845840A}.Release|Any CPU.Build.0 = Release|Any CPU
		{E58C7ACE-FEE5-4415-9575-6A3704A33993}.Debug|Any CPU.ActiveCfg = Debug|Any CPU
		{E58C7ACE-FEE5-4415-9575-6A3704A33993}.Debug|Any CPU.Build.0 = Debug|Any CPU
		{E58C7ACE-FEE5-4415-9575-6A3704A33993}.Release|Any CPU.ActiveCfg = Release|Any CPU
		{E58C7ACE-FEE5-4415-9575-6A3704A33993}.Release|Any CPU.Build.0 = Release|Any CPU
		{B0295BF1-A843-4B06-B4EC-71D75FAC2AF3}.Debug|Any CPU.ActiveCfg = Debug|Any CPU
		{B0295BF1-A843-4B06-B4EC-71D75FAC2AF3}.Debug|Any CPU.Build.0 = Debug|Any CPU
		{B0295BF1-A843-4B06-B4EC-71D75FAC2AF3}.Release|Any CPU.ActiveCfg = Release|Any CPU
		{B0295BF1-A843-4B06-B4EC-71D75FAC2AF3}.Release|Any CPU.Build.0 = Release|Any CPU
		{AD1B85BB-705F-401C-B285-B8126E2D53E0}.Debug|Any CPU.ActiveCfg = Debug|Any CPU
		{AD1B85BB-705F-401C-B285-B8126E2D53E0}.Debug|Any CPU.Build.0 = Debug|Any CPU
		{AD1B85BB-705F-401C-B285-B8126E2D53E0}.Release|Any CPU.ActiveCfg = Release|Any CPU
		{AD1B85BB-705F-401C-B285-B8126E2D53E0}.Release|Any CPU.Build.0 = Release|Any CPU
		{45E057E0-7527-41BC-A03D-0D8EF9060697}.Debug|Any CPU.ActiveCfg = Debug|Any CPU
		{45E057E0-7527-41BC-A03D-0D8EF9060697}.Debug|Any CPU.Build.0 = Debug|Any CPU
		{45E057E0-7527-41BC-A03D-0D8EF9060697}.Release|Any CPU.ActiveCfg = Release|Any CPU
		{45E057E0-7527-41BC-A03D-0D8EF9060697}.Release|Any CPU.Build.0 = Release|Any CPU
		{1CB04E29-9670-4527-A8C0-B1F2BF72A36A}.Debug|Any CPU.ActiveCfg = Debug|Any CPU
		{1CB04E29-9670-4527-A8C0-B1F2BF72A36A}.Debug|Any CPU.Build.0 = Debug|Any CPU
		{1CB04E29-9670-4527-A8C0-B1F2BF72A36A}.Release|Any CPU.ActiveCfg = Release|Any CPU
		{1CB04E29-9670-4527-A8C0-B1F2BF72A36A}.Release|Any CPU.Build.0 = Release|Any CPU
		{74EFC4C5-E781-42C0-970B-60EF5AA27E43}.Debug|Any CPU.ActiveCfg = Debug|Any CPU
		{74EFC4C5-E781-42C0-970B-60EF5AA27E43}.Debug|Any CPU.Build.0 = Debug|Any CPU
		{74EFC4C5-E781-42C0-970B-60EF5AA27E43}.Release|Any CPU.ActiveCfg = Release|Any CPU
		{74EFC4C5-E781-42C0-970B-60EF5AA27E43}.Release|Any CPU.Build.0 = Release|Any CPU
	EndGlobalSection
	GlobalSection(SolutionProperties) = preSolution
		HideSolutionNode = FALSE
	EndGlobalSection
	GlobalSection(ExtensibilityGlobals) = postSolution
		SolutionGuid = {1A14FBF6-D773-430A-B2BC-B36FA3C9CB6D}
	EndGlobalSection
EndGlobal
